// !$*UTF8*$!
{
	archiveVersion = 1;
	classes = {
	};
	objectVersion = 46;
	objects = {

/* Begin PBXBuildFile section */
		904869D81B4C949A0054DAF7 /* AppDelegate.swift in Sources */ = {isa = PBXBuildFile; fileRef = 904869D71B4C949A0054DAF7 /* AppDelegate.swift */; };
		904869DF1B4C949B0054DAF7 /* Images.xcassets in Resources */ = {isa = PBXBuildFile; fileRef = 904869DE1B4C949B0054DAF7 /* Images.xcassets */; };
		904869E21B4C949B0054DAF7 /* LaunchScreen.xib in Resources */ = {isa = PBXBuildFile; fileRef = 904869E01B4C949B0054DAF7 /* LaunchScreen.xib */; };
		904869EE1B4C949B0054DAF7 /* VimeoTests.swift in Sources */ = {isa = PBXBuildFile; fileRef = 904869ED1B4C949B0054DAF7 /* VimeoTests.swift */; };
		904869F91B4D9A8F0054DAF7 /* StaffPicksViewController.swift in Sources */ = {isa = PBXBuildFile; fileRef = 904869F71B4D9A8E0054DAF7 /* StaffPicksViewController.swift */; };
		904869FA1B4D9A8F0054DAF7 /* StaffPicksViewController.xib in Resources */ = {isa = PBXBuildFile; fileRef = 904869F81B4D9A8E0054DAF7 /* StaffPicksViewController.xib */; };
/* End PBXBuildFile section */

/* Begin PBXContainerItemProxy section */
		904869E81B4C949B0054DAF7 /* PBXContainerItemProxy */ = {
			isa = PBXContainerItemProxy;
			containerPortal = 904869CA1B4C949A0054DAF7 /* Project object */;
			proxyType = 1;
			remoteGlobalIDString = 904869D11B4C949A0054DAF7;
			remoteInfo = Vimeo;
		};
/* End PBXContainerItemProxy section */

/* Begin PBXFileReference section */
		904869D21B4C949A0054DAF7 /* Vimeo.app */ = {isa = PBXFileReference; explicitFileType = wrapper.application; includeInIndex = 0; path = Vimeo.app; sourceTree = BUILT_PRODUCTS_DIR; };
		904869D61B4C949A0054DAF7 /* Info.plist */ = {isa = PBXFileReference; lastKnownFileType = text.plist.xml; path = Info.plist; sourceTree = "<group>"; };
		904869D71B4C949A0054DAF7 /* AppDelegate.swift */ = {isa = PBXFileReference; lastKnownFileType = sourcecode.swift; path = AppDelegate.swift; sourceTree = "<group>"; };
		904869DE1B4C949B0054DAF7 /* Images.xcassets */ = {isa = PBXFileReference; lastKnownFileType = folder.assetcatalog; path = Images.xcassets; sourceTree = "<group>"; };
		904869E11B4C949B0054DAF7 /* Base */ = {isa = PBXFileReference; lastKnownFileType = file.xib; name = Base; path = Base.lproj/LaunchScreen.xib; sourceTree = "<group>"; };
		904869E71B4C949B0054DAF7 /* VimeoTests.xctest */ = {isa = PBXFileReference; explicitFileType = wrapper.cfbundle; includeInIndex = 0; path = VimeoTests.xctest; sourceTree = BUILT_PRODUCTS_DIR; };
		904869EC1B4C949B0054DAF7 /* Info.plist */ = {isa = PBXFileReference; lastKnownFileType = text.plist.xml; path = Info.plist; sourceTree = "<group>"; };
		904869ED1B4C949B0054DAF7 /* VimeoTests.swift */ = {isa = PBXFileReference; lastKnownFileType = sourcecode.swift; path = VimeoTests.swift; sourceTree = "<group>"; };
		904869F71B4D9A8E0054DAF7 /* StaffPicksViewController.swift */ = {isa = PBXFileReference; fileEncoding = 4; lastKnownFileType = sourcecode.swift; path = StaffPicksViewController.swift; sourceTree = "<group>"; };
		904869F81B4D9A8E0054DAF7 /* StaffPicksViewController.xib */ = {isa = PBXFileReference; fileEncoding = 4; lastKnownFileType = file.xib; path = StaffPicksViewController.xib; sourceTree = "<group>"; };
/* End PBXFileReference section */

/* Begin PBXFrameworksBuildPhase section */
		904869CF1B4C949A0054DAF7 /* Frameworks */ = {
			isa = PBXFrameworksBuildPhase;
			buildActionMask = 2147483647;
			files = (
			);
			runOnlyForDeploymentPostprocessing = 0;
		};
		904869E41B4C949B0054DAF7 /* Frameworks */ = {
			isa = PBXFrameworksBuildPhase;
			buildActionMask = 2147483647;
			files = (
			);
			runOnlyForDeploymentPostprocessing = 0;
		};
/* End PBXFrameworksBuildPhase section */

/* Begin PBXGroup section */
		904869C91B4C949A0054DAF7 = {
			isa = PBXGroup;
			children = (
				904869D41B4C949A0054DAF7 /* Vimeo */,
				904869EA1B4C949B0054DAF7 /* VimeoTests */,
				904869D31B4C949A0054DAF7 /* Products */,
			);
			sourceTree = "<group>";
		};
		904869D31B4C949A0054DAF7 /* Products */ = {
			isa = PBXGroup;
			children = (
				904869D21B4C949A0054DAF7 /* Vimeo.app */,
				904869E71B4C949B0054DAF7 /* VimeoTests.xctest */,
			);
			name = Products;
			sourceTree = "<group>";
		};
		904869D41B4C949A0054DAF7 /* Vimeo */ = {
			isa = PBXGroup;
			children = (
				904869D71B4C949A0054DAF7 /* AppDelegate.swift */,
				904869F71B4D9A8E0054DAF7 /* StaffPicksViewController.swift */,
				904869F81B4D9A8E0054DAF7 /* StaffPicksViewController.xib */,
				904869DE1B4C949B0054DAF7 /* Images.xcassets */,
				904869E01B4C949B0054DAF7 /* LaunchScreen.xib */,
				904869D51B4C949A0054DAF7 /* Supporting Files */,
			);
			path = Vimeo;
			sourceTree = "<group>";
		};
		904869D51B4C949A0054DAF7 /* Supporting Files */ = {
			isa = PBXGroup;
			children = (
				904869D61B4C949A0054DAF7 /* Info.plist */,
			);
			name = "Supporting Files";
			sourceTree = "<group>";
		};
		904869EA1B4C949B0054DAF7 /* VimeoTests */ = {
			isa = PBXGroup;
			children = (
				904869ED1B4C949B0054DAF7 /* VimeoTests.swift */,
				904869EB1B4C949B0054DAF7 /* Supporting Files */,
			);
			path = VimeoTests;
			sourceTree = "<group>";
		};
		904869EB1B4C949B0054DAF7 /* Supporting Files */ = {
			isa = PBXGroup;
			children = (
				904869EC1B4C949B0054DAF7 /* Info.plist */,
			);
			name = "Supporting Files";
			sourceTree = "<group>";
		};
/* End PBXGroup section */

/* Begin PBXNativeTarget section */
		904869D11B4C949A0054DAF7 /* Vimeo */ = {
			isa = PBXNativeTarget;
			buildConfigurationList = 904869F11B4C949B0054DAF7 /* Build configuration list for PBXNativeTarget "Vimeo" */;
			buildPhases = (
				904869CE1B4C949A0054DAF7 /* Sources */,
				904869CF1B4C949A0054DAF7 /* Frameworks */,
				904869D01B4C949A0054DAF7 /* Resources */,
			);
			buildRules = (
			);
			dependencies = (
			);
			name = Vimeo;
			productName = Vimeo;
			productReference = 904869D21B4C949A0054DAF7 /* Vimeo.app */;
			productType = "com.apple.product-type.application";
		};
		904869E61B4C949B0054DAF7 /* VimeoTests */ = {
			isa = PBXNativeTarget;
			buildConfigurationList = 904869F41B4C949B0054DAF7 /* Build configuration list for PBXNativeTarget "VimeoTests" */;
			buildPhases = (
				904869E31B4C949B0054DAF7 /* Sources */,
				904869E41B4C949B0054DAF7 /* Frameworks */,
				904869E51B4C949B0054DAF7 /* Resources */,
			);
			buildRules = (
			);
			dependencies = (
				904869E91B4C949B0054DAF7 /* PBXTargetDependency */,
			);
			name = VimeoTests;
			productName = VimeoTests;
			productReference = 904869E71B4C949B0054DAF7 /* VimeoTests.xctest */;
			productType = "com.apple.product-type.bundle.unit-test";
		};
/* End PBXNativeTarget section */

/* Begin PBXProject section */
		904869CA1B4C949A0054DAF7 /* Project object */ = {
			isa = PBXProject;
			attributes = {
				LastUpgradeCheck = 0640;
				ORGANIZATIONNAME = "Jisan Zaman";
				TargetAttributes = {
					904869D11B4C949A0054DAF7 = {
						CreatedOnToolsVersion = 6.4;
					};
					904869E61B4C949B0054DAF7 = {
						CreatedOnToolsVersion = 6.4;
						TestTargetID = 904869D11B4C949A0054DAF7;
					};
				};
			};
			buildConfigurationList = 904869CD1B4C949A0054DAF7 /* Build configuration list for PBXProject "Vimeo" */;
			compatibilityVersion = "Xcode 3.2";
			developmentRegion = English;
			hasScannedForEncodings = 0;
			knownRegions = (
				en,
				Base,
			);
			mainGroup = 904869C91B4C949A0054DAF7;
			productRefGroup = 904869D31B4C949A0054DAF7 /* Products */;
			projectDirPath = "";
			projectRoot = "";
			targets = (
				904869D11B4C949A0054DAF7 /* Vimeo */,
				904869E61B4C949B0054DAF7 /* VimeoTests */,
			);
		};
/* End PBXProject section */

/* Begin PBXResourcesBuildPhase section */
		904869D01B4C949A0054DAF7 /* Resources */ = {
			isa = PBXResourcesBuildPhase;
			buildActionMask = 2147483647;
			files = (
				904869E21B4C949B0054DAF7 /* LaunchScreen.xib in Resources */,
				904869DF1B4C949B0054DAF7 /* Images.xcassets in Resources */,
				904869FA1B4D9A8F0054DAF7 /* StaffPicksViewController.xib in Resources */,
			);
			runOnlyForDeploymentPostprocessing = 0;
		};
		904869E51B4C949B0054DAF7 /* Resources */ = {
			isa = PBXResourcesBuildPhase;
			buildActionMask = 2147483647;
			files = (
			);
			runOnlyForDeploymentPostprocessing = 0;
		};
/* End PBXResourcesBuildPhase section */

/* Begin PBXSourcesBuildPhase section */
		904869CE1B4C949A0054DAF7 /* Sources */ = {
			isa = PBXSourcesBuildPhase;
			buildActionMask = 2147483647;
			files = (
				904869F91B4D9A8F0054DAF7 /* StaffPicksViewController.swift in Sources */,
				904869D81B4C949A0054DAF7 /* AppDelegate.swift in Sources */,
			);
			runOnlyForDeploymentPostprocessing = 0;
		};
		904869E31B4C949B0054DAF7 /* Sources */ = {
			isa = PBXSourcesBuildPhase;
			buildActionMask = 2147483647;
			files = (
				904869EE1B4C949B0054DAF7 /* VimeoTests.swift in Sources */,
			);
			runOnlyForDeploymentPostprocessing = 0;
		};
/* End PBXSourcesBuildPhase section */

/* Begin PBXTargetDependency section */
		904869E91B4C949B0054DAF7 /* PBXTargetDependency */ = {
			isa = PBXTargetDependency;
			target = 904869D11B4C949A0054DAF7 /* Vimeo */;
			targetProxy = 904869E81B4C949B0054DAF7 /* PBXContainerItemProxy */;
		};
/* End PBXTargetDependency section */

/* Begin PBXVariantGroup section */
		904869E01B4C949B0054DAF7 /* LaunchScreen.xib */ = {
			isa = PBXVariantGroup;
			children = (
				904869E11B4C949B0054DAF7 /* Base */,
			);
			name = LaunchScreen.xib;
			sourceTree = "<group>";
		};
/* End PBXVariantGroup section */

/* Begin XCBuildConfiguration section */
		904869EF1B4C949B0054DAF7 /* Debug */ = {
			isa = XCBuildConfiguration;
			buildSettings = {
				ALWAYS_SEARCH_USER_PATHS = NO;
				CLANG_CXX_LANGUAGE_STANDARD = "gnu++0x";
				CLANG_CXX_LIBRARY = "libc++";
				CLANG_ENABLE_MODULES = YES;
				CLANG_ENABLE_OBJC_ARC = YES;
				CLANG_WARN_BOOL_CONVERSION = YES;
				CLANG_WARN_CONSTANT_CONVERSION = YES;
				CLANG_WARN_DIRECT_OBJC_ISA_USAGE = YES_ERROR;
				CLANG_WARN_EMPTY_BODY = YES;
				CLANG_WARN_ENUM_CONVERSION = YES;
				CLANG_WARN_INT_CONVERSION = YES;
				CLANG_WARN_OBJC_ROOT_CLASS = YES_ERROR;
				CLANG_WARN_UNREACHABLE_CODE = YES;
				CLANG_WARN__DUPLICATE_METHOD_MATCH = YES;
				"CODE_SIGN_IDENTITY[sdk=iphoneos*]" = "iPhone Developer";
				COPY_PHASE_STRIP = NO;
				DEBUG_INFORMATION_FORMAT = "dwarf-with-dsym";
				ENABLE_STRICT_OBJC_MSGSEND = YES;
				GCC_C_LANGUAGE_STANDARD = gnu99;
				GCC_DYNAMIC_NO_PIC = NO;
				GCC_NO_COMMON_BLOCKS = YES;
				GCC_OPTIMIZATION_LEVEL = 0;
				GCC_PREPROCESSOR_DEFINITIONS = (
					"DEBUG=1",
					"$(inherited)",
				);
				GCC_SYMBOLS_PRIVATE_EXTERN = NO;
				GCC_WARN_64_TO_32_BIT_CONVERSION = YES;
				GCC_WARN_ABOUT_RETURN_TYPE = YES_ERROR;
				GCC_WARN_UNDECLARED_SELECTOR = YES;
				GCC_WARN_UNINITIALIZED_AUTOS = YES_AGGRESSIVE;
				GCC_WARN_UNUSED_FUNCTION = YES;
				GCC_WARN_UNUSED_VARIABLE = YES;
				IPHONEOS_DEPLOYMENT_TARGET = 8.4;
				MTL_ENABLE_DEBUG_INFO = YES;
				ONLY_ACTIVE_ARCH = YES;
				SDKROOT = iphoneos;
				SWIFT_OPTIMIZATION_LEVEL = "-Onone";
			};
			name = Debug;
		};
		904869F01B4C949B0054DAF7 /* Release */ = {
			isa = XCBuildConfiguration;
			buildSettings = {
				ALWAYS_SEARCH_USER_PATHS = NO;
				CLANG_CXX_LANGUAGE_STANDARD = "gnu++0x";
				CLANG_CXX_LIBRARY = "libc++";
				CLANG_ENABLE_MODULES = YES;
				CLANG_ENABLE_OBJC_ARC = YES;
				CLANG_WARN_BOOL_CONVERSION = YES;
				CLANG_WARN_CONSTANT_CONVERSION = YES;
				CLANG_WARN_DIRECT_OBJC_ISA_USAGE = YES_ERROR;
				CLANG_WARN_EMPTY_BODY = YES;
				CLANG_WARN_ENUM_CONVERSION = YES;
				CLANG_WARN_INT_CONVERSION = YES;
				CLANG_WARN_OBJC_ROOT_CLASS = YES_ERROR;
				CLANG_WARN_UNREACHABLE_CODE = YES;
				CLANG_WARN__DUPLICATE_METHOD_MATCH = YES;
				"CODE_SIGN_IDENTITY[sdk=iphoneos*]" = "iPhone Developer";
				COPY_PHASE_STRIP = NO;
				DEBUG_INFORMATION_FORMAT = "dwarf-with-dsym";
				ENABLE_NS_ASSERTIONS = NO;
				ENABLE_STRICT_OBJC_MSGSEND = YES;
				GCC_C_LANGUAGE_STANDARD = gnu99;
				GCC_NO_COMMON_BLOCKS = YES;
				GCC_WARN_64_TO_32_BIT_CONVERSION = YES;
				GCC_WARN_ABOUT_RETURN_TYPE = YES_ERROR;
				GCC_WARN_UNDECLARED_SELECTOR = YES;
				GCC_WARN_UNINITIALIZED_AUTOS = YES_AGGRESSIVE;
				GCC_WARN_UNUSED_FUNCTION = YES;
				GCC_WARN_UNUSED_VARIABLE = YES;
				IPHONEOS_DEPLOYMENT_TARGET = 8.4;
				MTL_ENABLE_DEBUG_INFO = NO;
				SDKROOT = iphoneos;
				VALIDATE_PRODUCT = YES;
			};
			name = Release;
		};
		904869F21B4C949B0054DAF7 /* Debug */ = {
			isa = XCBuildConfiguration;
			buildSettings = {
				ASSETCATALOG_COMPILER_APPICON_NAME = AppIcon;
				INFOPLIST_FILE = Vimeo/Info.plist;
				LD_RUNPATH_SEARCH_PATHS = "$(inherited) @executable_path/Frameworks";
				PRODUCT_NAME = "$(TARGET_NAME)";
			};
			name = Debug;
		};
		904869F31B4C949B0054DAF7 /* Release */ = {
			isa = XCBuildConfiguration;
			buildSettings = {
				ASSETCATALOG_COMPILER_APPICON_NAME = AppIcon;
				INFOPLIST_FILE = Vimeo/Info.plist;
				LD_RUNPATH_SEARCH_PATHS = "$(inherited) @executable_path/Frameworks";
				PRODUCT_NAME = "$(TARGET_NAME)";
			};
			name = Release;
		};
		904869F51B4C949B0054DAF7 /* Debug */ = {
			isa = XCBuildConfiguration;
			buildSettings = {
				BUNDLE_LOADER = "$(TEST_HOST)";
				FRAMEWORK_SEARCH_PATHS = (
					"$(SDKROOT)/Developer/Library/Frameworks",
					"$(inherited)",
				);
				GCC_PREPROCESSOR_DEFINITIONS = (
					"DEBUG=1",
					"$(inherited)",
				);
				INFOPLIST_FILE = VimeoTests/Info.plist;
				LD_RUNPATH_SEARCH_PATHS = "$(inherited) @executable_path/Frameworks @loader_path/Frameworks";
				PRODUCT_NAME = "$(TARGET_NAME)";
				TEST_HOST = "$(BUILT_PRODUCTS_DIR)/Vimeo.app/Vimeo";
			};
			name = Debug;
		};
		904869F61B4C949B0054DAF7 /* Release */ = {
			isa = XCBuildConfiguration;
			buildSettings = {
				BUNDLE_LOADER = "$(TEST_HOST)";
				FRAMEWORK_SEARCH_PATHS = (
					"$(SDKROOT)/Developer/Library/Frameworks",
					"$(inherited)",
				);
				INFOPLIST_FILE = VimeoTests/Info.plist;
				LD_RUNPATH_SEARCH_PATHS = "$(inherited) @executable_path/Frameworks @loader_path/Frameworks";
				PRODUCT_NAME = "$(TARGET_NAME)";
				TEST_HOST = "$(BUILT_PRODUCTS_DIR)/Vimeo.app/Vimeo";
			};
			name = Release;
		};
/* End XCBuildConfiguration section */

/* Begin XCConfigurationList section */
		904869CD1B4C949A0054DAF7 /* Build configuration list for PBXProject "Vimeo" */ = {
			isa = XCConfigurationList;
			buildConfigurations = (
				904869EF1B4C949B0054DAF7 /* Debug */,
				904869F01B4C949B0054DAF7 /* Release */,
			);
			defaultConfigurationIsVisible = 0;
			defaultConfigurationName = Release;
		};
		904869F11B4C949B0054DAF7 /* Build configuration list for PBXNativeTarget "Vimeo" */ = {
			isa = XCConfigurationList;
			buildConfigurations = (
				904869F21B4C949B0054DAF7 /* Debug */,
				904869F31B4C949B0054DAF7 /* Release */,
			);
			defaultConfigurationIsVisible = 0;
		};
		904869F41B4C949B0054DAF7 /* Build configuration list for PBXNativeTarget "VimeoTests" */ = {
			isa = XCConfigurationList;
			buildConfigurations = (
				904869F51B4C949B0054DAF7 /* Debug */,
				904869F61B4C949B0054DAF7 /* Release */,
			);
			defaultConfigurationIsVisible = 0;
		};
/* End XCConfigurationList section */
	};
	rootObject = 904869CA1B4C949A0054DAF7 /* Project object */;
}
